// !$*UTF8*$!
{
	archiveVersion = 1;
	classes = {
	};
	objectVersion = 56;
	objects = {

/* Begin PBXBuildFile section */
		CB6957152C3847540038182E /* pokemon_api_networkingApp.swift in Sources */ = {isa = PBXBuildFile; fileRef = CB6957142C3847540038182E /* pokemon_api_networkingApp.swift */; };
		CB6957172C3847540038182E /* ContentView.swift in Sources */ = {isa = PBXBuildFile; fileRef = CB6957162C3847540038182E /* ContentView.swift */; };
		CB6957192C3847560038182E /* Assets.xcassets in Resources */ = {isa = PBXBuildFile; fileRef = CB6957182C3847560038182E /* Assets.xcassets */; };
		CB69571C2C3847560038182E /* Preview Assets.xcassets in Resources */ = {isa = PBXBuildFile; fileRef = CB69571B2C3847560038182E /* Preview Assets.xcassets */; };
		CB6957262C3847560038182E /* pokemon_api_networkingTests.swift in Sources */ = {isa = PBXBuildFile; fileRef = CB6957252C3847560038182E /* pokemon_api_networkingTests.swift */; };
		CB6957302C3847560038182E /* pokemon_api_networkingUITests.swift in Sources */ = {isa = PBXBuildFile; fileRef = CB69572F2C3847560038182E /* pokemon_api_networkingUITests.swift */; };
		CB6957322C3847560038182E /* pokemon_api_networkingUITestsLaunchTests.swift in Sources */ = {isa = PBXBuildFile; fileRef = CB6957312C3847560038182E /* pokemon_api_networkingUITestsLaunchTests.swift */; };
/* End PBXBuildFile section */

/* Begin PBXContainerItemProxy section */
		CB6957222C3847560038182E /* PBXContainerItemProxy */ = {
			isa = PBXContainerItemProxy;
			containerPortal = CB6957092C3847540038182E /* Project object */;
			proxyType = 1;
			remoteGlobalIDString = CB6957102C3847540038182E;
			remoteInfo = "pokemon api networking";
		};
		CB69572C2C3847560038182E /* PBXContainerItemProxy */ = {
			isa = PBXContainerItemProxy;
			containerPortal = CB6957092C3847540038182E /* Project object */;
			proxyType = 1;
			remoteGlobalIDString = CB6957102C3847540038182E;
			remoteInfo = "pokemon api networking";
		};
/* End PBXContainerItemProxy section */

/* Begin PBXFileReference section */
		CB6957112C3847540038182E /* pokemon api networking.app */ = {isa = PBXFileReference; explicitFileType = wrapper.application; includeInIndex = 0; path = "pokemon api networking.app"; sourceTree = BUILT_PRODUCTS_DIR; };
		CB6957142C3847540038182E /* pokemon_api_networkingApp.swift */ = {isa = PBXFileReference; lastKnownFileType = sourcecode.swift; path = pokemon_api_networkingApp.swift; sourceTree = "<group>"; };
		CB6957162C3847540038182E /* ContentView.swift */ = {isa = PBXFileReference; lastKnownFileType = sourcecode.swift; path = ContentView.swift; sourceTree = "<group>"; };
		CB6957182C3847560038182E /* Assets.xcassets */ = {isa = PBXFileReference; lastKnownFileType = folder.assetcatalog; path = Assets.xcassets; sourceTree = "<group>"; };
		CB69571B2C3847560038182E /* Preview Assets.xcassets */ = {isa = PBXFileReference; lastKnownFileType = folder.assetcatalog; path = "Preview Assets.xcassets"; sourceTree = "<group>"; };
		CB6957212C3847560038182E /* pokemon api networkingTests.xctest */ = {isa = PBXFileReference; explicitFileType = wrapper.cfbundle; includeInIndex = 0; path = "pokemon api networkingTests.xctest"; sourceTree = BUILT_PRODUCTS_DIR; };
		CB6957252C3847560038182E /* pokemon_api_networkingTests.swift */ = {isa = PBXFileReference; lastKnownFileType = sourcecode.swift; path = pokemon_api_networkingTests.swift; sourceTree = "<group>"; };
		CB69572B2C3847560038182E /* pokemon api networkingUITests.xctest */ = {isa = PBXFileReference; explicitFileType = wrapper.cfbundle; includeInIndex = 0; path = "pokemon api networkingUITests.xctest"; sourceTree = BUILT_PRODUCTS_DIR; };
		CB69572F2C3847560038182E /* pokemon_api_networkingUITests.swift */ = {isa = PBXFileReference; lastKnownFileType = sourcecode.swift; path = pokemon_api_networkingUITests.swift; sourceTree = "<group>"; };
		CB6957312C3847560038182E /* pokemon_api_networkingUITestsLaunchTests.swift */ = {isa = PBXFileReference; lastKnownFileType = sourcecode.swift; path = pokemon_api_networkingUITestsLaunchTests.swift; sourceTree = "<group>"; };
/* End PBXFileReference section */

/* Begin PBXFrameworksBuildPhase section */
		CB69570E2C3847540038182E /* Frameworks */ = {
			isa = PBXFrameworksBuildPhase;
			buildActionMask = 2147483647;
			files = (
			);
			runOnlyForDeploymentPostprocessing = 0;
		};
		CB69571E2C3847560038182E /* Frameworks */ = {
			isa = PBXFrameworksBuildPhase;
			buildActionMask = 2147483647;
			files = (
			);
			runOnlyForDeploymentPostprocessing = 0;
		};
		CB6957282C3847560038182E /* Frameworks */ = {
			isa = PBXFrameworksBuildPhase;
			buildActionMask = 2147483647;
			files = (
			);
			runOnlyForDeploymentPostprocessing = 0;
		};
/* End PBXFrameworksBuildPhase section */

/* Begin PBXGroup section */
		CB6957082C3847540038182E = {
			isa = PBXGroup;
			children = (
				CB6957132C3847540038182E /* pokemon api networking */,
				CB6957242C3847560038182E /* pokemon api networkingTests */,
				CB69572E2C3847560038182E /* pokemon api networkingUITests */,
				CB6957122C3847540038182E /* Products */,
			);
			sourceTree = "<group>";
		};
		CB6957122C3847540038182E /* Products */ = {
			isa = PBXGroup;
			children = (
				CB6957112C3847540038182E /* pokemon api networking.app */,
				CB6957212C3847560038182E /* pokemon api networkingTests.xctest */,
				CB69572B2C3847560038182E /* pokemon api networkingUITests.xctest */,
			);
			name = Products;
			sourceTree = "<group>";
		};
		CB6957132C3847540038182E /* pokemon api networking */ = {
			isa = PBXGroup;
			children = (
				CB6957142C3847540038182E /* pokemon_api_networkingApp.swift */,
				CB6957162C3847540038182E /* ContentView.swift */,
				CB6957182C3847560038182E /* Assets.xcassets */,
				CB69571A2C3847560038182E /* Preview Content */,
			);
			path = "pokemon api networking";
			sourceTree = "<group>";
		};
		CB69571A2C3847560038182E /* Preview Content */ = {
			isa = PBXGroup;
			children = (
				CB69571B2C3847560038182E /* Preview Assets.xcassets */,
			);
			path = "Preview Content";
			sourceTree = "<group>";
		};
		CB6957242C3847560038182E /* pokemon api networkingTests */ = {
			isa = PBXGroup;
			children = (
				CB6957252C3847560038182E /* pokemon_api_networkingTests.swift */,
			);
			path = "pokemon api networkingTests";
			sourceTree = "<group>";
		};
		CB69572E2C3847560038182E /* pokemon api networkingUITests */ = {
			isa = PBXGroup;
			children = (
				CB69572F2C3847560038182E /* pokemon_api_networkingUITests.swift */,
				CB6957312C3847560038182E /* pokemon_api_networkingUITestsLaunchTests.swift */,
			);
			path = "pokemon api networkingUITests";
			sourceTree = "<group>";
		};
/* End PBXGroup section */

/* Begin PBXNativeTarget section */
		CB6957102C3847540038182E /* pokemon api networking */ = {
			isa = PBXNativeTarget;
			buildConfigurationList = CB6957352C3847560038182E /* Build configuration list for PBXNativeTarget "pokemon api networking" */;
			buildPhases = (
				CB69570D2C3847540038182E /* Sources */,
				CB69570E2C3847540038182E /* Frameworks */,
				CB69570F2C3847540038182E /* Resources */,
			);
			buildRules = (
			);
			dependencies = (
			);
			name = "pokemon api networking";
			productName = "pokemon api networking";
			productReference = CB6957112C3847540038182E /* pokemon api networking.app */;
			productType = "com.apple.product-type.application";
		};
		CB6957202C3847560038182E /* pokemon api networkingTests */ = {
			isa = PBXNativeTarget;
			buildConfigurationList = CB6957382C3847560038182E /* Build configuration list for PBXNativeTarget "pokemon api networkingTests" */;
			buildPhases = (
				CB69571D2C3847560038182E /* Sources */,
				CB69571E2C3847560038182E /* Frameworks */,
				CB69571F2C3847560038182E /* Resources */,
			);
			buildRules = (
			);
			dependencies = (
				CB6957232C3847560038182E /* PBXTargetDependency */,
			);
			name = "pokemon api networkingTests";
			productName = "pokemon api networkingTests";
			productReference = CB6957212C3847560038182E /* pokemon api networkingTests.xctest */;
			productType = "com.apple.product-type.bundle.unit-test";
		};
		CB69572A2C3847560038182E /* pokemon api networkingUITests */ = {
			isa = PBXNativeTarget;
			buildConfigurationList = CB69573B2C3847560038182E /* Build configuration list for PBXNativeTarget "pokemon api networkingUITests" */;
			buildPhases = (
				CB6957272C3847560038182E /* Sources */,
				CB6957282C3847560038182E /* Frameworks */,
				CB6957292C3847560038182E /* Resources */,
			);
			buildRules = (
			);
			dependencies = (
				CB69572D2C3847560038182E /* PBXTargetDependency */,
			);
			name = "pokemon api networkingUITests";
			productName = "pokemon api networkingUITests";
			productReference = CB69572B2C3847560038182E /* pokemon api networkingUITests.xctest */;
			productType = "com.apple.product-type.bundle.ui-testing";
		};
/* End PBXNativeTarget section */

/* Begin PBXProject section */
		CB6957092C3847540038182E /* Project object */ = {
			isa = PBXProject;
			attributes = {
				BuildIndependentTargetsInParallel = 1;
				LastSwiftUpdateCheck = 1520;
				LastUpgradeCheck = 1520;
				TargetAttributes = {
					CB6957102C3847540038182E = {
						CreatedOnToolsVersion = 15.2;
					};
					CB6957202C3847560038182E = {
						CreatedOnToolsVersion = 15.2;
						TestTargetID = CB6957102C3847540038182E;
					};
					CB69572A2C3847560038182E = {
						CreatedOnToolsVersion = 15.2;
						TestTargetID = CB6957102C3847540038182E;
					};
				};
			};
			buildConfigurationList = CB69570C2C3847540038182E /* Build configuration list for PBXProject "pokemon api networking" */;
			compatibilityVersion = "Xcode 14.0";
			developmentRegion = en;
			hasScannedForEncodings = 0;
			knownRegions = (
				en,
				Base,
			);
			mainGroup = CB6957082C3847540038182E;
			productRefGroup = CB6957122C3847540038182E /* Products */;
			projectDirPath = "";
			projectRoot = "";
			targets = (
				CB6957102C3847540038182E /* pokemon api networking */,
				CB6957202C3847560038182E /* pokemon api networkingTests */,
				CB69572A2C3847560038182E /* pokemon api networkingUITests */,
			);
		};
/* End PBXProject section */

/* Begin PBXResourcesBuildPhase section */
		CB69570F2C3847540038182E /* Resources */ = {
			isa = PBXResourcesBuildPhase;
			buildActionMask = 2147483647;
			files = (
				CB69571C2C3847560038182E /* Preview Assets.xcassets in Resources */,
				CB6957192C3847560038182E /* Assets.xcassets in Resources */,
			);
			runOnlyForDeploymentPostprocessing = 0;
		};
		CB69571F2C3847560038182E /* Resources */ = {
			isa = PBXResourcesBuildPhase;
			buildActionMask = 2147483647;
			files = (
			);
			runOnlyForDeploymentPostprocessing = 0;
		};
		CB6957292C3847560038182E /* Resources */ = {
			isa = PBXResourcesBuildPhase;
			buildActionMask = 2147483647;
			files = (
			);
			runOnlyForDeploymentPostprocessing = 0;
		};
/* End PBXResourcesBuildPhase section */

/* Begin PBXSourcesBuildPhase section */
		CB69570D2C3847540038182E /* Sources */ = {
			isa = PBXSourcesBuildPhase;
			buildActionMask = 2147483647;
			files = (
				CB6957172C3847540038182E /* ContentView.swift in Sources */,
				CB6957152C3847540038182E /* pokemon_api_networkingApp.swift in Sources */,
			);
			runOnlyForDeploymentPostprocessing = 0;
		};
		CB69571D2C3847560038182E /* Sources */ = {
			isa = PBXSourcesBuildPhase;
			buildActionMask = 2147483647;
			files = (
				CB6957262C3847560038182E /* pokemon_api_networkingTests.swift in Sources */,
			);
			runOnlyForDeploymentPostprocessing = 0;
		};
		CB6957272C3847560038182E /* Sources */ = {
			isa = PBXSourcesBuildPhase;
			buildActionMask = 2147483647;
			files = (
				CB6957302C3847560038182E /* pokemon_api_networkingUITests.swift in Sources */,
				CB6957322C3847560038182E /* pokemon_api_networkingUITestsLaunchTests.swift in Sources */,
			);
			runOnlyForDeploymentPostprocessing = 0;
		};
/* End PBXSourcesBuildPhase section */

/* Begin PBXTargetDependency section */
		CB6957232C3847560038182E /* PBXTargetDependency */ = {
			isa = PBXTargetDependency;
			target = CB6957102C3847540038182E /* pokemon api networking */;
			targetProxy = CB6957222C3847560038182E /* PBXContainerItemProxy */;
		};
		CB69572D2C3847560038182E /* PBXTargetDependency */ = {
			isa = PBXTargetDependency;
			target = CB6957102C3847540038182E /* pokemon api networking */;
			targetProxy = CB69572C2C3847560038182E /* PBXContainerItemProxy */;
		};
/* End PBXTargetDependency section */

/* Begin XCBuildConfiguration section */
		CB6957332C3847560038182E /* Debug */ = {
			isa = XCBuildConfiguration;
			buildSettings = {
				ALWAYS_SEARCH_USER_PATHS = NO;
				ASSETCATALOG_COMPILER_GENERATE_SWIFT_ASSET_SYMBOL_EXTENSIONS = YES;
				CLANG_ANALYZER_NONNULL = YES;
				CLANG_ANALYZER_NUMBER_OBJECT_CONVERSION = YES_AGGRESSIVE;
				CLANG_CXX_LANGUAGE_STANDARD = "gnu++20";
				CLANG_ENABLE_MODULES = YES;
				CLANG_ENABLE_OBJC_ARC = YES;
				CLANG_ENABLE_OBJC_WEAK = YES;
				CLANG_WARN_BLOCK_CAPTURE_AUTORELEASING = YES;
				CLANG_WARN_BOOL_CONVERSION = YES;
				CLANG_WARN_COMMA = YES;
				CLANG_WARN_CONSTANT_CONVERSION = YES;
				CLANG_WARN_DEPRECATED_OBJC_IMPLEMENTATIONS = YES;
				CLANG_WARN_DIRECT_OBJC_ISA_USAGE = YES_ERROR;
				CLANG_WARN_DOCUMENTATION_COMMENTS = YES;
				CLANG_WARN_EMPTY_BODY = YES;
				CLANG_WARN_ENUM_CONVERSION = YES;
				CLANG_WARN_INFINITE_RECURSION = YES;
				CLANG_WARN_INT_CONVERSION = YES;
				CLANG_WARN_NON_LITERAL_NULL_CONVERSION = YES;
				CLANG_WARN_OBJC_IMPLICIT_RETAIN_SELF = YES;
				CLANG_WARN_OBJC_LITERAL_CONVERSION = YES;
				CLANG_WARN_OBJC_ROOT_CLASS = YES_ERROR;
				CLANG_WARN_QUOTED_INCLUDE_IN_FRAMEWORK_HEADER = YES;
				CLANG_WARN_RANGE_LOOP_ANALYSIS = YES;
				CLANG_WARN_STRICT_PROTOTYPES = YES;
				CLANG_WARN_SUSPICIOUS_MOVE = YES;
				CLANG_WARN_UNGUARDED_AVAILABILITY = YES_AGGRESSIVE;
				CLANG_WARN_UNREACHABLE_CODE = YES;
				CLANG_WARN__DUPLICATE_METHOD_MATCH = YES;
				COPY_PHASE_STRIP = NO;
				DEBUG_INFORMATION_FORMAT = dwarf;
				ENABLE_STRICT_OBJC_MSGSEND = YES;
				ENABLE_TESTABILITY = YES;
				ENABLE_USER_SCRIPT_SANDBOXING = YES;
				GCC_C_LANGUAGE_STANDARD = gnu17;
				GCC_DYNAMIC_NO_PIC = NO;
				GCC_NO_COMMON_BLOCKS = YES;
				GCC_OPTIMIZATION_LEVEL = 0;
				GCC_PREPROCESSOR_DEFINITIONS = (
					"DEBUG=1",
					"$(inherited)",
				);
				GCC_WARN_64_TO_32_BIT_CONVERSION = YES;
				GCC_WARN_ABOUT_RETURN_TYPE = YES_ERROR;
				GCC_WARN_UNDECLARED_SELECTOR = YES;
				GCC_WARN_UNINITIALIZED_AUTOS = YES_AGGRESSIVE;
				GCC_WARN_UNUSED_FUNCTION = YES;
				GCC_WARN_UNUSED_VARIABLE = YES;
				IPHONEOS_DEPLOYMENT_TARGET = 17.2;
				LOCALIZATION_PREFERS_STRING_CATALOGS = YES;
				MTL_ENABLE_DEBUG_INFO = INCLUDE_SOURCE;
				MTL_FAST_MATH = YES;
				ONLY_ACTIVE_ARCH = YES;
				SDKROOT = iphoneos;
				SWIFT_ACTIVE_COMPILATION_CONDITIONS = "DEBUG $(inherited)";
				SWIFT_OPTIMIZATION_LEVEL = "-Onone";
			};
			name = Debug;
		};
		CB6957342C3847560038182E /* Release */ = {
			isa = XCBuildConfiguration;
			buildSettings = {
				ALWAYS_SEARCH_USER_PATHS = NO;
				ASSETCATALOG_COMPILER_GENERATE_SWIFT_ASSET_SYMBOL_EXTENSIONS = YES;
				CLANG_ANALYZER_NONNULL = YES;
				CLANG_ANALYZER_NUMBER_OBJECT_CONVERSION = YES_AGGRESSIVE;
				CLANG_CXX_LANGUAGE_STANDARD = "gnu++20";
				CLANG_ENABLE_MODULES = YES;
				CLANG_ENABLE_OBJC_ARC = YES;
				CLANG_ENABLE_OBJC_WEAK = YES;
				CLANG_WARN_BLOCK_CAPTURE_AUTORELEASING = YES;
				CLANG_WARN_BOOL_CONVERSION = YES;
				CLANG_WARN_COMMA = YES;
				CLANG_WARN_CONSTANT_CONVERSION = YES;
				CLANG_WARN_DEPRECATED_OBJC_IMPLEMENTATIONS = YES;
				CLANG_WARN_DIRECT_OBJC_ISA_USAGE = YES_ERROR;
				CLANG_WARN_DOCUMENTATION_COMMENTS = YES;
				CLANG_WARN_EMPTY_BODY = YES;
				CLANG_WARN_ENUM_CONVERSION = YES;
				CLANG_WARN_INFINITE_RECURSION = YES;
				CLANG_WARN_INT_CONVERSION = YES;
				CLANG_WARN_NON_LITERAL_NULL_CONVERSION = YES;
				CLANG_WARN_OBJC_IMPLICIT_RETAIN_SELF = YES;
				CLANG_WARN_OBJC_LITERAL_CONVERSION = YES;
				CLANG_WARN_OBJC_ROOT_CLASS = YES_ERROR;
				CLANG_WARN_QUOTED_INCLUDE_IN_FRAMEWORK_HEADER = YES;
				CLANG_WARN_RANGE_LOOP_ANALYSIS = YES;
				CLANG_WARN_STRICT_PROTOTYPES = YES;
				CLANG_WARN_SUSPICIOUS_MOVE = YES;
				CLANG_WARN_UNGUARDED_AVAILABILITY = YES_AGGRESSIVE;
				CLANG_WARN_UNREACHABLE_CODE = YES;
				CLANG_WARN__DUPLICATE_METHOD_MATCH = YES;
				COPY_PHASE_STRIP = NO;
				DEBUG_INFORMATION_FORMAT = "dwarf-with-dsym";
				ENABLE_NS_ASSERTIONS = NO;
				ENABLE_STRICT_OBJC_MSGSEND = YES;
				ENABLE_USER_SCRIPT_SANDBOXING = YES;
				GCC_C_LANGUAGE_STANDARD = gnu17;
				GCC_NO_COMMON_BLOCKS = YES;
				GCC_WARN_64_TO_32_BIT_CONVERSION = YES;
				GCC_WARN_ABOUT_RETURN_TYPE = YES_ERROR;
				GCC_WARN_UNDECLARED_SELECTOR = YES;
				GCC_WARN_UNINITIALIZED_AUTOS = YES_AGGRESSIVE;
				GCC_WARN_UNUSED_FUNCTION = YES;
				GCC_WARN_UNUSED_VARIABLE = YES;
				IPHONEOS_DEPLOYMENT_TARGET = 17.2;
				LOCALIZATION_PREFERS_STRING_CATALOGS = YES;
				MTL_ENABLE_DEBUG_INFO = NO;
				MTL_FAST_MATH = YES;
				SDKROOT = iphoneos;
				SWIFT_COMPILATION_MODE = wholemodule;
				VALIDATE_PRODUCT = YES;
			};
			name = Release;
		};
		CB6957362C3847560038182E /* Debug */ = {
			isa = XCBuildConfiguration;
			buildSettings = {
				ASSETCATALOG_COMPILER_APPICON_NAME = AppIcon;
				ASSETCATALOG_COMPILER_GLOBAL_ACCENT_COLOR_NAME = AccentColor;
				CODE_SIGN_STYLE = Automatic;
				CURRENT_PROJECT_VERSION = 1;
				DEVELOPMENT_ASSET_PATHS = "\"pokemon api networking/Preview Content\"";
				ENABLE_PREVIEWS = YES;
				GENERATE_INFOPLIST_FILE = YES;
				INFOPLIST_KEY_UIApplicationSceneManifest_Generation = YES;
				INFOPLIST_KEY_UIApplicationSupportsIndirectInputEvents = YES;
				INFOPLIST_KEY_UILaunchScreen_Generation = YES;
				INFOPLIST_KEY_UISupportedInterfaceOrientations_iPad = "UIInterfaceOrientationPortrait UIInterfaceOrientationPortraitUpsideDown UIInterfaceOrientationLandscapeLeft UIInterfaceOrientationLandscapeRight";
				INFOPLIST_KEY_UISupportedInterfaceOrientations_iPhone = "UIInterfaceOrientationPortrait UIInterfaceOrientationLandscapeLeft UIInterfaceOrientationLandscapeRight";
				LD_RUNPATH_SEARCH_PATHS = (
					"$(inherited)",
					"@executable_path/Frameworks",
				);
				MARKETING_VERSION = 1.0;
				PRODUCT_BUNDLE_IDENTIFIER = "com.nur.pokemon-api-networking";
				PRODUCT_NAME = "$(TARGET_NAME)";
				SWIFT_EMIT_LOC_STRINGS = YES;
				SWIFT_VERSION = 5.0;
				TARGETED_DEVICE_FAMILY = "1,2";
			};
			name = Debug;
		};
		CB6957372C3847560038182E /* Release */ = {
			isa = XCBuildConfiguration;
			buildSettings = {
				ASSETCATALOG_COMPILER_APPICON_NAME = AppIcon;
				ASSETCATALOG_COMPILER_GLOBAL_ACCENT_COLOR_NAME = AccentColor;
				CODE_SIGN_STYLE = Automatic;
				CURRENT_PROJECT_VERSION = 1;
				DEVELOPMENT_ASSET_PATHS = "\"pokemon api networking/Preview Content\"";
				ENABLE_PREVIEWS = YES;
				GENERATE_INFOPLIST_FILE = YES;
				INFOPLIST_KEY_UIApplicationSceneManifest_Generation = YES;
				INFOPLIST_KEY_UIApplicationSupportsIndirectInputEvents = YES;
				INFOPLIST_KEY_UILaunchScreen_Generation = YES;
				INFOPLIST_KEY_UISupportedInterfaceOrientations_iPad = "UIInterfaceOrientationPortrait UIInterfaceOrientationPortraitUpsideDown UIInterfaceOrientationLandscapeLeft UIInterfaceOrientationLandscapeRight";
				INFOPLIST_KEY_UISupportedInterfaceOrientations_iPhone = "UIInterfaceOrientationPortrait UIInterfaceOrientationLandscapeLeft UIInterfaceOrientationLandscapeRight";
				LD_RUNPATH_SEARCH_PATHS = (
					"$(inherited)",
					"@executable_path/Frameworks",
				);
				MARKETING_VERSION = 1.0;
				PRODUCT_BUNDLE_IDENTIFIER = "com.nur.pokemon-api-networking";
				PRODUCT_NAME = "$(TARGET_NAME)";
				SWIFT_EMIT_LOC_STRINGS = YES;
				SWIFT_VERSION = 5.0;
				TARGETED_DEVICE_FAMILY = "1,2";
			};
			name = Release;
		};
		CB6957392C3847560038182E /* Debug */ = {
			isa = XCBuildConfiguration;
			buildSettings = {
				ALWAYS_EMBED_SWIFT_STANDARD_LIBRARIES = YES;
				BUNDLE_LOADER = "$(TEST_HOST)";
				CODE_SIGN_STYLE = Automatic;
				CURRENT_PROJECT_VERSION = 1;
				GENERATE_INFOPLIST_FILE = YES;
				IPHONEOS_DEPLOYMENT_TARGET = 17.2;
				MARKETING_VERSION = 1.0;
				PRODUCT_BUNDLE_IDENTIFIER = "com.nur.pokemon-api-networkingTests";
				PRODUCT_NAME = "$(TARGET_NAME)";
				SWIFT_EMIT_LOC_STRINGS = NO;
				SWIFT_VERSION = 5.0;
				TARGETED_DEVICE_FAMILY = "1,2";
				TEST_HOST = "$(BUILT_PRODUCTS_DIR)/pokemon api networking.app/$(BUNDLE_EXECUTABLE_FOLDER_PATH)/pokemon api networking";
			};
			name = Debug;
		};
		CB69573A2C3847560038182E /* Release */ = {
			isa = XCBuildConfiguration;
			buildSettings = {
				ALWAYS_EMBED_SWIFT_STANDARD_LIBRARIES = YES;
				BUNDLE_LOADER = "$(TEST_HOST)";
				CODE_SIGN_STYLE = Automatic;
				CURRENT_PROJECT_VERSION = 1;
				GENERATE_INFOPLIST_FILE = YES;
				IPHONEOS_DEPLOYMENT_TARGET = 17.2;
				MARKETING_VERSION = 1.0;
				PRODUCT_BUNDLE_IDENTIFIER = "com.nur.pokemon-api-networkingTests";
				PRODUCT_NAME = "$(TARGET_NAME)";
				SWIFT_EMIT_LOC_STRINGS = NO;
				SWIFT_VERSION = 5.0;
				TARGETED_DEVICE_FAMILY = "1,2";
				TEST_HOST = "$(BUILT_PRODUCTS_DIR)/pokemon api networking.app/$(BUNDLE_EXECUTABLE_FOLDER_PATH)/pokemon api networking";
			};
			name = Release;
		};
		CB69573C2C3847560038182E /* Debug */ = {
			isa = XCBuildConfiguration;
			buildSettings = {
				ALWAYS_EMBED_SWIFT_STANDARD_LIBRARIES = YES;
				CODE_SIGN_STYLE = Automatic;
				CURRENT_PROJECT_VERSION = 1;
				GENERATE_INFOPLIST_FILE = YES;
				MARKETING_VERSION = 1.0;
				PRODUCT_BUNDLE_IDENTIFIER = "com.nur.pokemon-api-networkingUITests";
				PRODUCT_NAME = "$(TARGET_NAME)";
				SWIFT_EMIT_LOC_STRINGS = NO;
				SWIFT_VERSION = 5.0;
				TARGETED_DEVICE_FAMILY = "1,2";
				TEST_TARGET_NAME = "pokemon api networking";
			};
			name = Debug;
		};
		CB69573D2C3847560038182E /* Release */ = {
			isa = XCBuildConfiguration;
			buildSettings = {
				ALWAYS_EMBED_SWIFT_STANDARD_LIBRARIES = YES;
				CODE_SIGN_STYLE = Automatic;
				CURRENT_PROJECT_VERSION = 1;
				GENERATE_INFOPLIST_FILE = YES;
				MARKETING_VERSION = 1.0;
				PRODUCT_BUNDLE_IDENTIFIER = "com.nur.pokemon-api-networkingUITests";
				PRODUCT_NAME = "$(TARGET_NAME)";
				SWIFT_EMIT_LOC_STRINGS = NO;
				SWIFT_VERSION = 5.0;
				TARGETED_DEVICE_FAMILY = "1,2";
				TEST_TARGET_NAME = "pokemon api networking";
			};
			name = Release;
		};
/* End XCBuildConfiguration section */

/* Begin XCConfigurationList section */
		CB69570C2C3847540038182E /* Build configuration list for PBXProject "pokemon api networking" */ = {
			isa = XCConfigurationList;
			buildConfigurations = (
				CB6957332C3847560038182E /* Debug */,
				CB6957342C3847560038182E /* Release */,
			);
			defaultConfigurationIsVisible = 0;
			defaultConfigurationName = Release;
		};
		CB6957352C3847560038182E /* Build configuration list for PBXNativeTarget "pokemon api networking" */ = {
			isa = XCConfigurationList;
			buildConfigurations = (
				CB6957362C3847560038182E /* Debug */,
				CB6957372C3847560038182E /* Release */,
			);
			defaultConfigurationIsVisible = 0;
			defaultConfigurationName = Release;
		};
		CB6957382C3847560038182E /* Build configuration list for PBXNativeTarget "pokemon api networkingTests" */ = {
			isa = XCConfigurationList;
			buildConfigurations = (
				CB6957392C3847560038182E /* Debug */,
				CB69573A2C3847560038182E /* Release */,
			);
			defaultConfigurationIsVisible = 0;
			defaultConfigurationName = Release;
		};
		CB69573B2C3847560038182E /* Build configuration list for PBXNativeTarget "pokemon api networkingUITests" */ = {
			isa = XCConfigurationList;
			buildConfigurations = (
				CB69573C2C3847560038182E /* Debug */,
				CB69573D2C3847560038182E /* Release */,
			);
			defaultConfigurationIsVisible = 0;
			defaultConfigurationName = Release;
		};
/* End XCConfigurationList section */
	};
	rootObject = CB6957092C3847540038182E /* Project object */;
}
